Microsoft Visual Studio Solution File, Format Version 12.00
# Visual Studio Version 17
VisualStudioVersion = 17.5.2.0
MinimumVisualStudioVersion = 10.0.40219.1
Project("{FAE04EC0-301F-11D3-BF4B-00C04F79EFBC}") = "DemoEventi.Domain", "DemoEventi.Domain.csproj", "{6308F4B0-0AD8-E612-4C51-C1D22056D0ED}"
EndProject
Global
	GlobalSection(SolutionConfigurationPlatforms) = preSolution
		Debug|Any CPU = Debug|Any CPU
		Release|Any CPU = Release|Any CPU
	EndGlobalSection
	GlobalSection(ProjectConfigurationPlatforms) = postSolution
		{6308F4B0-0AD8-E612-4C51-C1D22056D0ED}.Debug|Any CPU.ActiveCfg = Debug|Any CPU
		{6308F4B0-0AD8-E612-4C51-C1D22056D0ED}.Debug|Any CPU.Build.0 = Debug|Any CPU
		{6308F4B0-0AD8-E612-4C51-C1D22056D0ED}.Release|Any CPU.ActiveCfg = Release|Any CPU
		{6308F4B0-0AD8-E612-4C51-C1D22056D0ED}.Release|Any CPU.Build.0 = Release|Any CPU
	EndGlobalSection
	GlobalSection(SolutionProperties) = preSolution
		HideSolutionNode = FALSE
	EndGlobalSection
	GlobalSection(ExtensibilityGlobals) = postSolution
		SolutionGuid = {F9D75C3C-A21F-4C8E-BCE8-7C30CF1EEB02}
	EndGlobalSection
EndGlobal
